{
    "_meta": {
        "hash": {
            "sha256": "84baa3436983781a28b6b3dda62a41e9ca5fa4b04a517c53a6932c16e73ca92d"
        },
        "pipfile-spec": 6,
        "requires": {
            "python_version": "3.7"
        },
        "sources": [
            {
                "name": "pypi",
                "url": "https://pypi.org/simple",
                "verify_ssl": true
            }
        ]
    },
    "default": {
        "colorama": {
            "hashes": [
                "sha256:05eed71e2e327246ad6b38c540c4a3117230b19679b875190486ddd2d721422d",
                "sha256:f8ac84de7840f5b9c4e3347b3c1eaa50f7e49c2b07596221daec5edaabbd7c48"
            ],
            "index": "pypi",
            "version": "==0.4.1"
        },
        "simple-math": {
            "hashes": [
                "sha256:108dc26d1425cff52ff6af1d54336dbe855be64e6febe0e8bf788def4b86079f",
                "sha256:c8fd3dbee88e776aa6b02137e055263c84961457a99a35379008e76ebaddda49"
            ],
            "index": "pypi",
            "version": "==1.1.0"
        }
    },
    "develop": {}
}
